// !$*UTF8*$!
{
	archiveVersion = 1;
	classes = {
	};
	objectVersion = 46;
	objects = {

/* Begin PBXBuildFile section */
		BB76DF541F6F600300A1DAA3 /* AppDelegate.swift in Sources */ = {isa = PBXBuildFile; fileRef = BB76DF531F6F600300A1DAA3 /* AppDelegate.swift */; };
		BB76DF561F6F600300A1DAA3 /* ApplicationController.swift in Sources */ = {isa = PBXBuildFile; fileRef = BB76DF551F6F600300A1DAA3 /* ApplicationController.swift */; };
		BB76DF591F6F600300A1DAA3 /* Main.storyboard in Resources */ = {isa = PBXBuildFile; fileRef = BB76DF571F6F600300A1DAA3 /* Main.storyboard */; };
		BB76DF5B1F6F600300A1DAA3 /* Assets.xcassets in Resources */ = {isa = PBXBuildFile; fileRef = BB76DF5A1F6F600300A1DAA3 /* Assets.xcassets */; };
		BB76DF5E1F6F600300A1DAA3 /* LaunchScreen.storyboard in Resources */ = {isa = PBXBuildFile; fileRef = BB76DF5C1F6F600300A1DAA3 /* LaunchScreen.storyboard */; };
		BB76DF691F6F600300A1DAA3 /* RecipesTests.swift in Sources */ = {isa = PBXBuildFile; fileRef = BB76DF681F6F600300A1DAA3 /* RecipesTests.swift */; };
		BB76DF741F6F600300A1DAA3 /* RecipesUITests.swift in Sources */ = {isa = PBXBuildFile; fileRef = BB76DF731F6F600300A1DAA3 /* RecipesUITests.swift */; };
		BB76DF831F6F62E200A1DAA3 /* Turbolinks.framework in Frameworks */ = {isa = PBXBuildFile; fileRef = BB76DF821F6F62E200A1DAA3 /* Turbolinks.framework */; };
		BB76DF851F6F630A00A1DAA3 /* Turbolinks.framework in CopyFiles */ = {isa = PBXBuildFile; fileRef = BB76DF821F6F62E200A1DAA3 /* Turbolinks.framework */; settings = {ATTRIBUTES = (CodeSignOnCopy, RemoveHeadersOnCopy, ); }; };
		BB76DF871F6F644D00A1DAA3 /* VisitableViewController.swift in Sources */ = {isa = PBXBuildFile; fileRef = BB76DF861F6F644D00A1DAA3 /* VisitableViewController.swift */; };
		BB76DF8B1F6F649300A1DAA3 /* Error.swift in Sources */ = {isa = PBXBuildFile; fileRef = BB76DF881F6F649300A1DAA3 /* Error.swift */; };
		BB76DF8C1F6F649300A1DAA3 /* ErrorView.swift in Sources */ = {isa = PBXBuildFile; fileRef = BB76DF891F6F649300A1DAA3 /* ErrorView.swift */; };
		BB76DF8D1F6F649300A1DAA3 /* ErrorView.xib in Resources */ = {isa = PBXBuildFile; fileRef = BB76DF8A1F6F649300A1DAA3 /* ErrorView.xib */; };
		BB76DF8F1F6F64CD00A1DAA3 /* AuthenticationController.swift in Sources */ = {isa = PBXBuildFile; fileRef = BB76DF8E1F6F64CD00A1DAA3 /* AuthenticationController.swift */; };
/* End PBXBuildFile section */

/* Begin PBXContainerItemProxy section */
		BB76DF651F6F600300A1DAA3 /* PBXContainerItemProxy */ = {
			isa = PBXContainerItemProxy;
			containerPortal = BB76DF481F6F600300A1DAA3 /* Project object */;
			proxyType = 1;
			remoteGlobalIDString = BB76DF4F1F6F600300A1DAA3;
			remoteInfo = Recipes;
		};
		BB76DF701F6F600300A1DAA3 /* PBXContainerItemProxy */ = {
			isa = PBXContainerItemProxy;
			containerPortal = BB76DF481F6F600300A1DAA3 /* Project object */;
			proxyType = 1;
			remoteGlobalIDString = BB76DF4F1F6F600300A1DAA3;
			remoteInfo = Recipes;
		};
/* End PBXContainerItemProxy section */

/* Begin PBXCopyFilesBuildPhase section */
		BB76DF841F6F62F700A1DAA3 /* CopyFiles */ = {
			isa = PBXCopyFilesBuildPhase;
			buildActionMask = 2147483647;
			dstPath = "";
			dstSubfolderSpec = 10;
			files = (
				BB76DF851F6F630A00A1DAA3 /* Turbolinks.framework in CopyFiles */,
			);
			runOnlyForDeploymentPostprocessing = 0;
		};
/* End PBXCopyFilesBuildPhase section */

/* Begin PBXFileReference section */
		BB76DF501F6F600300A1DAA3 /* Recipes.app */ = {isa = PBXFileReference; explicitFileType = wrapper.application; includeInIndex = 0; path = Recipes.app; sourceTree = BUILT_PRODUCTS_DIR; };
		BB76DF531F6F600300A1DAA3 /* AppDelegate.swift */ = {isa = PBXFileReference; lastKnownFileType = sourcecode.swift; path = AppDelegate.swift; sourceTree = "<group>"; };
		BB76DF551F6F600300A1DAA3 /* ApplicationController.swift */ = {isa = PBXFileReference; lastKnownFileType = sourcecode.swift; path = ApplicationController.swift; sourceTree = "<group>"; };
		BB76DF581F6F600300A1DAA3 /* Base */ = {isa = PBXFileReference; lastKnownFileType = file.storyboard; name = Base; path = Base.lproj/Main.storyboard; sourceTree = "<group>"; };
		BB76DF5A1F6F600300A1DAA3 /* Assets.xcassets */ = {isa = PBXFileReference; lastKnownFileType = folder.assetcatalog; path = Assets.xcassets; sourceTree = "<group>"; };
		BB76DF5D1F6F600300A1DAA3 /* Base */ = {isa = PBXFileReference; lastKnownFileType = file.storyboard; name = Base; path = Base.lproj/LaunchScreen.storyboard; sourceTree = "<group>"; };
		BB76DF5F1F6F600300A1DAA3 /* Info.plist */ = {isa = PBXFileReference; lastKnownFileType = text.plist.xml; path = Info.plist; sourceTree = "<group>"; };
		BB76DF641F6F600300A1DAA3 /* RecipesTests.xctest */ = {isa = PBXFileReference; explicitFileType = wrapper.cfbundle; includeInIndex = 0; path = RecipesTests.xctest; sourceTree = BUILT_PRODUCTS_DIR; };
		BB76DF681F6F600300A1DAA3 /* RecipesTests.swift */ = {isa = PBXFileReference; lastKnownFileType = sourcecode.swift; path = RecipesTests.swift; sourceTree = "<group>"; };
		BB76DF6A1F6F600300A1DAA3 /* Info.plist */ = {isa = PBXFileReference; lastKnownFileType = text.plist.xml; path = Info.plist; sourceTree = "<group>"; };
		BB76DF6F1F6F600300A1DAA3 /* RecipesUITests.xctest */ = {isa = PBXFileReference; explicitFileType = wrapper.cfbundle; includeInIndex = 0; path = RecipesUITests.xctest; sourceTree = BUILT_PRODUCTS_DIR; };
		BB76DF731F6F600300A1DAA3 /* RecipesUITests.swift */ = {isa = PBXFileReference; lastKnownFileType = sourcecode.swift; path = RecipesUITests.swift; sourceTree = "<group>"; };
		BB76DF751F6F600300A1DAA3 /* Info.plist */ = {isa = PBXFileReference; lastKnownFileType = text.plist.xml; path = Info.plist; sourceTree = "<group>"; };
		BB76DF821F6F62E200A1DAA3 /* Turbolinks.framework */ = {isa = PBXFileReference; lastKnownFileType = wrapper.framework; name = Turbolinks.framework; path = Carthage/Build/iOS/Turbolinks.framework; sourceTree = "<group>"; };
		BB76DF861F6F644D00A1DAA3 /* VisitableViewController.swift */ = {isa = PBXFileReference; fileEncoding = 4; lastKnownFileType = sourcecode.swift; path = VisitableViewController.swift; sourceTree = "<group>"; };
		BB76DF881F6F649300A1DAA3 /* Error.swift */ = {isa = PBXFileReference; fileEncoding = 4; lastKnownFileType = sourcecode.swift; path = Error.swift; sourceTree = "<group>"; };
		BB76DF891F6F649300A1DAA3 /* ErrorView.swift */ = {isa = PBXFileReference; fileEncoding = 4; lastKnownFileType = sourcecode.swift; path = ErrorView.swift; sourceTree = "<group>"; };
		BB76DF8A1F6F649300A1DAA3 /* ErrorView.xib */ = {isa = PBXFileReference; fileEncoding = 4; lastKnownFileType = file.xib; path = ErrorView.xib; sourceTree = "<group>"; };
		BB76DF8E1F6F64CD00A1DAA3 /* AuthenticationController.swift */ = {isa = PBXFileReference; fileEncoding = 4; lastKnownFileType = sourcecode.swift; path = AuthenticationController.swift; sourceTree = "<group>"; };
/* End PBXFileReference section */

/* Begin PBXFrameworksBuildPhase section */
		BB76DF4D1F6F600300A1DAA3 /* Frameworks */ = {
			isa = PBXFrameworksBuildPhase;
			buildActionMask = 2147483647;
			files = (
				BB76DF831F6F62E200A1DAA3 /* Turbolinks.framework in Frameworks */,
			);
			runOnlyForDeploymentPostprocessing = 0;
		};
		BB76DF611F6F600300A1DAA3 /* Frameworks */ = {
			isa = PBXFrameworksBuildPhase;
			buildActionMask = 2147483647;
			files = (
			);
			runOnlyForDeploymentPostprocessing = 0;
		};
		BB76DF6C1F6F600300A1DAA3 /* Frameworks */ = {
			isa = PBXFrameworksBuildPhase;
			buildActionMask = 2147483647;
			files = (
			);
			runOnlyForDeploymentPostprocessing = 0;
		};
/* End PBXFrameworksBuildPhase section */

/* Begin PBXGroup section */
		BB76DF471F6F600300A1DAA3 = {
			isa = PBXGroup;
			children = (
				BB76DF521F6F600300A1DAA3 /* Recipes */,
				BB76DF671F6F600300A1DAA3 /* RecipesTests */,
				BB76DF721F6F600300A1DAA3 /* RecipesUITests */,
				BB76DF511F6F600300A1DAA3 /* Products */,
				BB76DF811F6F62E100A1DAA3 /* Frameworks */,
			);
			sourceTree = "<group>";
		};
		BB76DF511F6F600300A1DAA3 /* Products */ = {
			isa = PBXGroup;
			children = (
				BB76DF501F6F600300A1DAA3 /* Recipes.app */,
				BB76DF641F6F600300A1DAA3 /* RecipesTests.xctest */,
				BB76DF6F1F6F600300A1DAA3 /* RecipesUITests.xctest */,
			);
			name = Products;
			sourceTree = "<group>";
		};
		BB76DF521F6F600300A1DAA3 /* Recipes */ = {
			isa = PBXGroup;
			children = (
				BB76DF881F6F649300A1DAA3 /* Error.swift */,
				BB76DF891F6F649300A1DAA3 /* ErrorView.swift */,
				BB76DF8A1F6F649300A1DAA3 /* ErrorView.xib */,
				BB76DF531F6F600300A1DAA3 /* AppDelegate.swift */,
				BB76DF551F6F600300A1DAA3 /* ApplicationController.swift */,
				BB76DF571F6F600300A1DAA3 /* Main.storyboard */,
				BB76DF5A1F6F600300A1DAA3 /* Assets.xcassets */,
				BB76DF5C1F6F600300A1DAA3 /* LaunchScreen.storyboard */,
				BB76DF5F1F6F600300A1DAA3 /* Info.plist */,
				BB76DF861F6F644D00A1DAA3 /* VisitableViewController.swift */,
				BB76DF8E1F6F64CD00A1DAA3 /* AuthenticationController.swift */,
			);
			path = Recipes;
			sourceTree = "<group>";
		};
		BB76DF671F6F600300A1DAA3 /* RecipesTests */ = {
			isa = PBXGroup;
			children = (
				BB76DF681F6F600300A1DAA3 /* RecipesTests.swift */,
				BB76DF6A1F6F600300A1DAA3 /* Info.plist */,
			);
			path = RecipesTests;
			sourceTree = "<group>";
		};
		BB76DF721F6F600300A1DAA3 /* RecipesUITests */ = {
			isa = PBXGroup;
			children = (
				BB76DF731F6F600300A1DAA3 /* RecipesUITests.swift */,
				BB76DF751F6F600300A1DAA3 /* Info.plist */,
			);
			path = RecipesUITests;
			sourceTree = "<group>";
		};
		BB76DF811F6F62E100A1DAA3 /* Frameworks */ = {
			isa = PBXGroup;
			children = (
				BB76DF821F6F62E200A1DAA3 /* Turbolinks.framework */,
			);
			name = Frameworks;
			sourceTree = "<group>";
		};
/* End PBXGroup section */

/* Begin PBXNativeTarget section */
		BB76DF4F1F6F600300A1DAA3 /* Recipes */ = {
			isa = PBXNativeTarget;
			buildConfigurationList = BB76DF781F6F600300A1DAA3 /* Build configuration list for PBXNativeTarget "Recipes" */;
			buildPhases = (
				BB76DF4C1F6F600300A1DAA3 /* Sources */,
				BB76DF4D1F6F600300A1DAA3 /* Frameworks */,
				BB76DF4E1F6F600300A1DAA3 /* Resources */,
				BB76DF841F6F62F700A1DAA3 /* CopyFiles */,
			);
			buildRules = (
			);
			dependencies = (
			);
			name = Recipes;
			productName = Recipes;
			productReference = BB76DF501F6F600300A1DAA3 /* Recipes.app */;
			productType = "com.apple.product-type.application";
		};
		BB76DF631F6F600300A1DAA3 /* RecipesTests */ = {
			isa = PBXNativeTarget;
			buildConfigurationList = BB76DF7B1F6F600300A1DAA3 /* Build configuration list for PBXNativeTarget "RecipesTests" */;
			buildPhases = (
				BB76DF601F6F600300A1DAA3 /* Sources */,
				BB76DF611F6F600300A1DAA3 /* Frameworks */,
				BB76DF621F6F600300A1DAA3 /* Resources */,
			);
			buildRules = (
			);
			dependencies = (
				BB76DF661F6F600300A1DAA3 /* PBXTargetDependency */,
			);
			name = RecipesTests;
			productName = RecipesTests;
			productReference = BB76DF641F6F600300A1DAA3 /* RecipesTests.xctest */;
			productType = "com.apple.product-type.bundle.unit-test";
		};
		BB76DF6E1F6F600300A1DAA3 /* RecipesUITests */ = {
			isa = PBXNativeTarget;
			buildConfigurationList = BB76DF7E1F6F600300A1DAA3 /* Build configuration list for PBXNativeTarget "RecipesUITests" */;
			buildPhases = (
				BB76DF6B1F6F600300A1DAA3 /* Sources */,
				BB76DF6C1F6F600300A1DAA3 /* Frameworks */,
				BB76DF6D1F6F600300A1DAA3 /* Resources */,
			);
			buildRules = (
			);
			dependencies = (
				BB76DF711F6F600300A1DAA3 /* PBXTargetDependency */,
			);
			name = RecipesUITests;
			productName = RecipesUITests;
			productReference = BB76DF6F1F6F600300A1DAA3 /* RecipesUITests.xctest */;
			productType = "com.apple.product-type.bundle.ui-testing";
		};
/* End PBXNativeTarget section */

/* Begin PBXProject section */
		BB76DF481F6F600300A1DAA3 /* Project object */ = {
			isa = PBXProject;
			attributes = {
				LastSwiftUpdateCheck = 0830;
				LastUpgradeCheck = 0830;
				ORGANIZATIONNAME = github.com/boblail;
				TargetAttributes = {
					BB76DF4F1F6F600300A1DAA3 = {
						CreatedOnToolsVersion = 8.3.3;
						ProvisioningStyle = Automatic;
					};
					BB76DF631F6F600300A1DAA3 = {
						CreatedOnToolsVersion = 8.3.3;
						ProvisioningStyle = Automatic;
						TestTargetID = BB76DF4F1F6F600300A1DAA3;
					};
					BB76DF6E1F6F600300A1DAA3 = {
						CreatedOnToolsVersion = 8.3.3;
						ProvisioningStyle = Automatic;
						TestTargetID = BB76DF4F1F6F600300A1DAA3;
					};
				};
			};
			buildConfigurationList = BB76DF4B1F6F600300A1DAA3 /* Build configuration list for PBXProject "Recipes" */;
			compatibilityVersion = "Xcode 3.2";
			developmentRegion = English;
			hasScannedForEncodings = 0;
			knownRegions = (
				en,
				Base,
			);
			mainGroup = BB76DF471F6F600300A1DAA3;
			productRefGroup = BB76DF511F6F600300A1DAA3 /* Products */;
			projectDirPath = "";
			projectRoot = "";
			targets = (
				BB76DF4F1F6F600300A1DAA3 /* Recipes */,
				BB76DF631F6F600300A1DAA3 /* RecipesTests */,
				BB76DF6E1F6F600300A1DAA3 /* RecipesUITests */,
			);
		};
/* End PBXProject section */

/* Begin PBXResourcesBuildPhase section */
		BB76DF4E1F6F600300A1DAA3 /* Resources */ = {
			isa = PBXResourcesBuildPhase;
			buildActionMask = 2147483647;
			files = (
				BB76DF5E1F6F600300A1DAA3 /* LaunchScreen.storyboard in Resources */,
				BB76DF5B1F6F600300A1DAA3 /* Assets.xcassets in Resources */,
				BB76DF591F6F600300A1DAA3 /* Main.storyboard in Resources */,
				BB76DF8D1F6F649300A1DAA3 /* ErrorView.xib in Resources */,
			);
			runOnlyForDeploymentPostprocessing = 0;
		};
		BB76DF621F6F600300A1DAA3 /* Resources */ = {
			isa = PBXResourcesBuildPhase;
			buildActionMask = 2147483647;
			files = (
			);
			runOnlyForDeploymentPostprocessing = 0;
		};
		BB76DF6D1F6F600300A1DAA3 /* Resources */ = {
			isa = PBXResourcesBuildPhase;
			buildActionMask = 2147483647;
			files = (
			);
			runOnlyForDeploymentPostprocessing = 0;
		};
/* End PBXResourcesBuildPhase section */

/* Begin PBXSourcesBuildPhase section */
		BB76DF4C1F6F600300A1DAA3 /* Sources */ = {
			isa = PBXSourcesBuildPhase;
			buildActionMask = 2147483647;
			files = (
				BB76DF8C1F6F649300A1DAA3 /* ErrorView.swift in Sources */,
				BB76DF8B1F6F649300A1DAA3 /* Error.swift in Sources */,
				BB76DF871F6F644D00A1DAA3 /* VisitableViewController.swift in Sources */,
				BB76DF8F1F6F64CD00A1DAA3 /* AuthenticationController.swift in Sources */,
				BB76DF561F6F600300A1DAA3 /* ApplicationController.swift in Sources */,
				BB76DF541F6F600300A1DAA3 /* AppDelegate.swift in Sources */,
			);
			runOnlyForDeploymentPostprocessing = 0;
		};
		BB76DF601F6F600300A1DAA3 /* Sources */ = {
			isa = PBXSourcesBuildPhase;
			buildActionMask = 2147483647;
			files = (
				BB76DF691F6F600300A1DAA3 /* RecipesTests.swift in Sources */,
			);
			runOnlyForDeploymentPostprocessing = 0;
		};
		BB76DF6B1F6F600300A1DAA3 /* Sources */ = {
			isa = PBXSourcesBuildPhase;
			buildActionMask = 2147483647;
			files = (
				BB76DF741F6F600300A1DAA3 /* RecipesUITests.swift in Sources */,
			);
			runOnlyForDeploymentPostprocessing = 0;
		};
/* End PBXSourcesBuildPhase section */

/* Begin PBXTargetDependency section */
		BB76DF661F6F600300A1DAA3 /* PBXTargetDependency */ = {
			isa = PBXTargetDependency;
			target = BB76DF4F1F6F600300A1DAA3 /* Recipes */;
			targetProxy = BB76DF651F6F600300A1DAA3 /* PBXContainerItemProxy */;
		};
		BB76DF711F6F600300A1DAA3 /* PBXTargetDependency */ = {
			isa = PBXTargetDependency;
			target = BB76DF4F1F6F600300A1DAA3 /* Recipes */;
			targetProxy = BB76DF701F6F600300A1DAA3 /* PBXContainerItemProxy */;
		};
/* End PBXTargetDependency section */

/* Begin PBXVariantGroup section */
		BB76DF571F6F600300A1DAA3 /* Main.storyboard */ = {
			isa = PBXVariantGroup;
			children = (
				BB76DF581F6F600300A1DAA3 /* Base */,
			);
			name = Main.storyboard;
			sourceTree = "<group>";
		};
		BB76DF5C1F6F600300A1DAA3 /* LaunchScreen.storyboard */ = {
			isa = PBXVariantGroup;
			children = (
				BB76DF5D1F6F600300A1DAA3 /* Base */,
			);
			name = LaunchScreen.storyboard;
			sourceTree = "<group>";
		};
/* End PBXVariantGroup section */

/* Begin XCBuildConfiguration section */
		BB76DF761F6F600300A1DAA3 /* Debug */ = {
			isa = XCBuildConfiguration;
			buildSettings = {
				ALWAYS_SEARCH_USER_PATHS = NO;
				CLANG_ANALYZER_NONNULL = YES;
				CLANG_ANALYZER_NUMBER_OBJECT_CONVERSION = YES_AGGRESSIVE;
				CLANG_CXX_LANGUAGE_STANDARD = "gnu++0x";
				CLANG_CXX_LIBRARY = "libc++";
				CLANG_ENABLE_MODULES = YES;
				CLANG_ENABLE_OBJC_ARC = YES;
				CLANG_WARN_BOOL_CONVERSION = YES;
				CLANG_WARN_CONSTANT_CONVERSION = YES;
				CLANG_WARN_DIRECT_OBJC_ISA_USAGE = YES_ERROR;
				CLANG_WARN_DOCUMENTATION_COMMENTS = YES;
				CLANG_WARN_EMPTY_BODY = YES;
				CLANG_WARN_ENUM_CONVERSION = YES;
				CLANG_WARN_INFINITE_RECURSION = YES;
				CLANG_WARN_INT_CONVERSION = YES;
				CLANG_WARN_OBJC_ROOT_CLASS = YES_ERROR;
				CLANG_WARN_SUSPICIOUS_MOVE = YES;
				CLANG_WARN_UNREACHABLE_CODE = YES;
				CLANG_WARN__DUPLICATE_METHOD_MATCH = YES;
				"CODE_SIGN_IDENTITY[sdk=iphoneos*]" = "iPhone Developer";
				COPY_PHASE_STRIP = NO;
				DEBUG_INFORMATION_FORMAT = dwarf;
				ENABLE_STRICT_OBJC_MSGSEND = YES;
				ENABLE_TESTABILITY = YES;
				GCC_C_LANGUAGE_STANDARD = gnu99;
				GCC_DYNAMIC_NO_PIC = NO;
				GCC_NO_COMMON_BLOCKS = YES;
				GCC_OPTIMIZATION_LEVEL = 0;
				GCC_PREPROCESSOR_DEFINITIONS = (
					"DEBUG=1",
					"$(inherited)",
				);
				GCC_WARN_64_TO_32_BIT_CONVERSION = YES;
				GCC_WARN_ABOUT_RETURN_TYPE = YES_ERROR;
				GCC_WARN_UNDECLARED_SELECTOR = YES;
				GCC_WARN_UNINITIALIZED_AUTOS = YES_AGGRESSIVE;
				GCC_WARN_UNUSED_FUNCTION = YES;
				GCC_WARN_UNUSED_VARIABLE = YES;
				IPHONEOS_DEPLOYMENT_TARGET = 10.3;
				MTL_ENABLE_DEBUG_INFO = YES;
				ONLY_ACTIVE_ARCH = YES;
				SDKROOT = iphoneos;
				SWIFT_ACTIVE_COMPILATION_CONDITIONS = DEBUG;
				SWIFT_OPTIMIZATION_LEVEL = "-Onone";
				TARGETED_DEVICE_FAMILY = "1,2";
			};
			name = Debug;
		};
		BB76DF771F6F600300A1DAA3 /* Release */ = {
			isa = XCBuildConfiguration;
			buildSettings = {
				ALWAYS_SEARCH_USER_PATHS = NO;
				CLANG_ANALYZER_NONNULL = YES;
				CLANG_ANALYZER_NUMBER_OBJECT_CONVERSION = YES_AGGRESSIVE;
				CLANG_CXX_LANGUAGE_STANDARD = "gnu++0x";
				CLANG_CXX_LIBRARY = "libc++";
				CLANG_ENABLE_MODULES = YES;
				CLANG_ENABLE_OBJC_ARC = YES;
				CLANG_WARN_BOOL_CONVERSION = YES;
				CLANG_WARN_CONSTANT_CONVERSION = YES;
				CLANG_WARN_DIRECT_OBJC_ISA_USAGE = YES_ERROR;
				CLANG_WARN_DOCUMENTATION_COMMENTS = YES;
				CLANG_WARN_EMPTY_BODY = YES;
				CLANG_WARN_ENUM_CONVERSION = YES;
				CLANG_WARN_INFINITE_RECURSION = YES;
				CLANG_WARN_INT_CONVERSION = YES;
				CLANG_WARN_OBJC_ROOT_CLASS = YES_ERROR;
				CLANG_WARN_SUSPICIOUS_MOVE = YES;
				CLANG_WARN_UNREACHABLE_CODE = YES;
				CLANG_WARN__DUPLICATE_METHOD_MATCH = YES;
				"CODE_SIGN_IDENTITY[sdk=iphoneos*]" = "iPhone Developer";
				COPY_PHASE_STRIP = NO;
				DEBUG_INFORMATION_FORMAT = "dwarf-with-dsym";
				ENABLE_NS_ASSERTIONS = NO;
				ENABLE_STRICT_OBJC_MSGSEND = YES;
				GCC_C_LANGUAGE_STANDARD = gnu99;
				GCC_NO_COMMON_BLOCKS = YES;
				GCC_WARN_64_TO_32_BIT_CONVERSION = YES;
				GCC_WARN_ABOUT_RETURN_TYPE = YES_ERROR;
				GCC_WARN_UNDECLARED_SELECTOR = YES;
				GCC_WARN_UNINITIALIZED_AUTOS = YES_AGGRESSIVE;
				GCC_WARN_UNUSED_FUNCTION = YES;
				GCC_WARN_UNUSED_VARIABLE = YES;
				IPHONEOS_DEPLOYMENT_TARGET = 10.3;
				MTL_ENABLE_DEBUG_INFO = NO;
				SDKROOT = iphoneos;
				SWIFT_OPTIMIZATION_LEVEL = "-Owholemodule";
				TARGETED_DEVICE_FAMILY = "1,2";
				VALIDATE_PRODUCT = YES;
			};
			name = Release;
		};
		BB76DF791F6F600300A1DAA3 /* Debug */ = {
			isa = XCBuildConfiguration;
			buildSettings = {
				ASSETCATALOG_COMPILER_APPICON_NAME = AppIcon;
				FRAMEWORK_SEARCH_PATHS = (
					"$(inherited)",
					"$(PROJECT_DIR)/Carthage/Build/iOS",
				);
				INFOPLIST_FILE = Recipes/Info.plist;
				IPHONEOS_DEPLOYMENT_TARGET = 9.0;
				LD_RUNPATH_SEARCH_PATHS = "$(inherited) @executable_path/Frameworks";
				PRODUCT_BUNDLE_IDENTIFIER = com.boblail.Recipes;
				PRODUCT_NAME = "$(TARGET_NAME)";
				SWIFT_VERSION = 3.0;
			};
			name = Debug;
		};
		BB76DF7A1F6F600300A1DAA3 /* Release */ = {
			isa = XCBuildConfiguration;
			buildSettings = {
				ASSETCATALOG_COMPILER_APPICON_NAME = AppIcon;
				FRAMEWORK_SEARCH_PATHS = (
					"$(inherited)",
					"$(PROJECT_DIR)/Carthage/Build/iOS",
				);
				INFOPLIST_FILE = Recipes/Info.plist;
				IPHONEOS_DEPLOYMENT_TARGET = 9.0;
				LD_RUNPATH_SEARCH_PATHS = "$(inherited) @executable_path/Frameworks";
				PRODUCT_BUNDLE_IDENTIFIER = com.boblail.Recipes;
				PRODUCT_NAME = "$(TARGET_NAME)";
				SWIFT_VERSION = 3.0;
			};
			name = Release;
		};
		BB76DF7C1F6F600300A1DAA3 /* Debug */ = {
			isa = XCBuildConfiguration;
			buildSettings = {
				ALWAYS_EMBED_SWIFT_STANDARD_LIBRARIES = YES;
				BUNDLE_LOADER = "$(TEST_HOST)";
				INFOPLIST_FILE = RecipesTests/Info.plist;
				LD_RUNPATH_SEARCH_PATHS = "$(inherited) @executable_path/Frameworks @loader_path/Frameworks";
				PRODUCT_BUNDLE_IDENTIFIER = com.boblail.RecipesTests;
				PRODUCT_NAME = "$(TARGET_NAME)";
				SWIFT_VERSION = 3.0;
				TEST_HOST = "$(BUILT_PRODUCTS_DIR)/Recipes.app/Recipes";
			};
			name = Debug;
		};
		BB76DF7D1F6F600300A1DAA3 /* Release */ = {
			isa = XCBuildConfiguration;
			buildSettings = {
				ALWAYS_EMBED_SWIFT_STANDARD_LIBRARIES = YES;
				BUNDLE_LOADER = "$(TEST_HOST)";
				INFOPLIST_FILE = RecipesTests/Info.plist;
				LD_RUNPATH_SEARCH_PATHS = "$(inherited) @executable_path/Frameworks @loader_path/Frameworks";
				PRODUCT_BUNDLE_IDENTIFIER = com.boblail.RecipesTests;
				PRODUCT_NAME = "$(TARGET_NAME)";
				SWIFT_VERSION = 3.0;
				TEST_HOST = "$(BUILT_PRODUCTS_DIR)/Recipes.app/Recipes";
			};
			name = Release;
		};
		BB76DF7F1F6F600300A1DAA3 /* Debug */ = {
			isa = XCBuildConfiguration;
			buildSettings = {
				ALWAYS_EMBED_SWIFT_STANDARD_LIBRARIES = YES;
				INFOPLIST_FILE = RecipesUITests/Info.plist;
				LD_RUNPATH_SEARCH_PATHS = "$(inherited) @executable_path/Frameworks @loader_path/Frameworks";
				PRODUCT_BUNDLE_IDENTIFIER = com.boblail.RecipesUITests;
				PRODUCT_NAME = "$(TARGET_NAME)";
				SWIFT_VERSION = 3.0;
				TEST_TARGET_NAME = Recipes;
			};
			name = Debug;
		};
		BB76DF801F6F600300A1DAA3 /* Release */ = {
			isa = XCBuildConfiguration;
			buildSettings = {
				ALWAYS_EMBED_SWIFT_STANDARD_LIBRARIES = YES;
				INFOPLIST_FILE = RecipesUITests/Info.plist;
				LD_RUNPATH_SEARCH_PATHS = "$(inherited) @executable_path/Frameworks @loader_path/Frameworks";
				PRODUCT_BUNDLE_IDENTIFIER = com.boblail.RecipesUITests;
				PRODUCT_NAME = "$(TARGET_NAME)";
				SWIFT_VERSION = 3.0;
				TEST_TARGET_NAME = Recipes;
			};
			name = Release;
		};
/* End XCBuildConfiguration section */

/* Begin XCConfigurationList section */
		BB76DF4B1F6F600300A1DAA3 /* Build configuration list for PBXProject "Recipes" */ = {
			isa = XCConfigurationList;
			buildConfigurations = (
				BB76DF761F6F600300A1DAA3 /* Debug */,
				BB76DF771F6F600300A1DAA3 /* Release */,
			);
			defaultConfigurationIsVisible = 0;
			defaultConfigurationName = Release;
		};
		BB76DF781F6F600300A1DAA3 /* Build configuration list for PBXNativeTarget "Recipes" */ = {
			isa = XCConfigurationList;
			buildConfigurations = (
				BB76DF791F6F600300A1DAA3 /* Debug */,
				BB76DF7A1F6F600300A1DAA3 /* Release */,
			);
			defaultConfigurationIsVisible = 0;
			defaultConfigurationName = Release;
		};
		BB76DF7B1F6F600300A1DAA3 /* Build configuration list for PBXNativeTarget "RecipesTests" */ = {
			isa = XCConfigurationList;
			buildConfigurations = (
				BB76DF7C1F6F600300A1DAA3 /* Debug */,
				BB76DF7D1F6F600300A1DAA3 /* Release */,
			);
			defaultConfigurationIsVisible = 0;
			defaultConfigurationName = Release;
		};
		BB76DF7E1F6F600300A1DAA3 /* Build configuration list for PBXNativeTarget "RecipesUITests" */ = {
			isa = XCConfigurationList;
			buildConfigurations = (
				BB76DF7F1F6F600300A1DAA3 /* Debug */,
				BB76DF801F6F600300A1DAA3 /* Release */,
			);
			defaultConfigurationIsVisible = 0;
			defaultConfigurationName = Release;
		};
/* End XCConfigurationList section */
	};
	rootObject = BB76DF481F6F600300A1DAA3 /* Project object */;
}
